
Microsoft Visual Studio Solution File, Format Version 12.00
# Visual Studio Version 17
VisualStudioVersion = 17.4.33122.133
MinimumVisualStudioVersion = 10.0.40219.1
Project("{FAE04EC0-301F-11D3-BF4B-00C04F79EFBC}") = "NetCore6APIMySQL", "NetCore6APIMySQL\NetCore6APIMySQL.csproj", "{3275AE53-09EA-46A9-BCAB-DAFFDB299424}"
EndProject
Project("{FAE04EC0-301F-11D3-BF4B-00C04F79EFBC}") = "NetCore6APIMySQL.Data", "NetCore6APIMySQL.Data\NetCore6APIMySQL.Data.csproj", "{6C1FC44C-9C3D-4E2E-98D8-CF3EFC9D8DF9}"
EndProject
Project("{FAE04EC0-301F-11D3-BF4B-00C04F79EFBC}") = "NetCore6APIMySQL.Model", "NetCore6APIMySQL.Model\NetCore6APIMySQL.Model.csproj", "{713FBE27-C193-43BA-8816-E230DCF9126D}"
EndProject
Global
	GlobalSection(SolutionConfigurationPlatforms) = preSolution
		Debug|Any CPU = Debug|Any CPU
		Release|Any CPU = Release|Any CPU
	EndGlobalSection
	GlobalSection(ProjectConfigurationPlatforms) = postSolution
		{3275AE53-09EA-46A9-BCAB-DAFFDB299424}.Debug|Any CPU.ActiveCfg = Debug|Any CPU
		{3275AE53-09EA-46A9-BCAB-DAFFDB299424}.Debug|Any CPU.Build.0 = Debug|Any CPU
		{3275AE53-09EA-46A9-BCAB-DAFFDB299424}.Release|Any CPU.ActiveCfg = Release|Any CPU
		{3275AE53-09EA-46A9-BCAB-DAFFDB299424}.Release|Any CPU.Build.0 = Release|Any CPU
		{6C1FC44C-9C3D-4E2E-98D8-CF3EFC9D8DF9}.Debug|Any CPU.ActiveCfg = Debug|Any CPU
		{6C1FC44C-9C3D-4E2E-98D8-CF3EFC9D8DF9}.Debug|Any CPU.Build.0 = Debug|Any CPU
		{6C1FC44C-9C3D-4E2E-98D8-CF3EFC9D8DF9}.Release|Any CPU.ActiveCfg = Release|Any CPU
		{6C1FC44C-9C3D-4E2E-98D8-CF3EFC9D8DF9}.Release|Any CPU.Build.0 = Release|Any CPU
		{713FBE27-C193-43BA-8816-E230DCF9126D}.Debug|Any CPU.ActiveCfg = Debug|Any CPU
		{713FBE27-C193-43BA-8816-E230DCF9126D}.Debug|Any CPU.Build.0 = Debug|Any CPU
		{713FBE27-C193-43BA-8816-E230DCF9126D}.Release|Any CPU.ActiveCfg = Release|Any CPU
		{713FBE27-C193-43BA-8816-E230DCF9126D}.Release|Any CPU.Build.0 = Release|Any CPU
	EndGlobalSection
	GlobalSection(SolutionProperties) = preSolution
		HideSolutionNode = FALSE
	EndGlobalSection
	GlobalSection(ExtensibilityGlobals) = postSolution
		SolutionGuid = {18E86524-1EF4-4324-A01F-A5C58851D410}
	EndGlobalSection
EndGlobal
